
Microsoft Visual Studio Solution File, Format Version 12.00
# Visual Studio Version 16
VisualStudioVersion = 16.0.31624.102
MinimumVisualStudioVersion = 10.0.40219.1
Project("{9A19103F-16F7-4668-BE54-9A1E7A4F7556}") = "WebAPI01", "WebAPI01\WebAPI01.csproj", "{40773E4A-D6BC-4200-9531-F79ECD7FFB2C}"
EndProject
Project("{FAE04EC0-301F-11D3-BF4B-00C04F79EFBC}") = "AlchemyCirclesGenerator", "AlchemyCirclesGenerator\AlchemyCirclesGenerator.csproj", "{CCADD891-F568-46C9-B650-7F3B45AE2E54}"
EndProject
Global
	GlobalSection(SolutionConfigurationPlatforms) = preSolution
		Debug|Any CPU = Debug|Any CPU
		Release|Any CPU = Release|Any CPU
	EndGlobalSection
	GlobalSection(ProjectConfigurationPlatforms) = postSolution
		{40773E4A-D6BC-4200-9531-F79ECD7FFB2C}.Debug|Any CPU.ActiveCfg = Debug|Any CPU
		{40773E4A-D6BC-4200-9531-F79ECD7FFB2C}.Debug|Any CPU.Build.0 = Debug|Any CPU
		{40773E4A-D6BC-4200-9531-F79ECD7FFB2C}.Release|Any CPU.ActiveCfg = Release|Any CPU
		{40773E4A-D6BC-4200-9531-F79ECD7FFB2C}.Release|Any CPU.Build.0 = Release|Any CPU
		{CCADD891-F568-46C9-B650-7F3B45AE2E54}.Debug|Any CPU.ActiveCfg = Debug|Any CPU
		{CCADD891-F568-46C9-B650-7F3B45AE2E54}.Debug|Any CPU.Build.0 = Debug|Any CPU
		{CCADD891-F568-46C9-B650-7F3B45AE2E54}.Release|Any CPU.ActiveCfg = Release|Any CPU
		{CCADD891-F568-46C9-B650-7F3B45AE2E54}.Release|Any CPU.Build.0 = Release|Any CPU
	EndGlobalSection
	GlobalSection(SolutionProperties) = preSolution
		HideSolutionNode = FALSE
	EndGlobalSection
	GlobalSection(ExtensibilityGlobals) = postSolution
		SolutionGuid = {019FADE0-A195-4657-8300-37401E3EB4E8}
	EndGlobalSection
EndGlobal
